# This file is automatically @generated by Cargo.
# It is not intended for manual editing.
version = 3

[[package]]
name = "loopros-core"
version = "0.0.3"

[[package]]
name = "loopros-core-host"
version = "0.0.3"
dependencies = [
 "loopros-core",
]

[[package]]
name = "loopros-ffi"
version = "0.0.3"
dependencies = [
 "loopros-core",
]
